
Microsoft Visual Studio Solution File, Format Version 12.00
# Visual Studio 2013
VisualStudioVersion = 12.0.30110.0
MinimumVisualStudioVersion = 10.0.40219.1
Project("{FAE04EC0-301F-11D3-BF4B-00C04F79EFBC}") = "UkraineWebClient", "UkraineWebClient\UkraineWebClient.csproj", "{BABAF318-7278-4E8E-9D6A-8BA3756C7890}"
EndProject
Project("{FAE04EC0-301F-11D3-BF4B-00C04F79EFBC}") = "UkraineWebClient.Tests", "UkraineWebClient.Tests\UkraineWebClient.Tests.csproj", "{009168F1-C02B-4E31-88A2-56EEB11EFBBC}"
EndProject
Global
	GlobalSection(SolutionConfigurationPlatforms) = preSolution
		Debug|Any CPU = Debug|Any CPU
		Release|Any CPU = Release|Any CPU
	EndGlobalSection
	GlobalSection(ProjectConfigurationPlatforms) = postSolution
		{BABAF318-7278-4E8E-9D6A-8BA3756C7890}.Debug|Any CPU.ActiveCfg = Debug|Any CPU
		{BABAF318-7278-4E8E-9D6A-8BA3756C7890}.Debug|Any CPU.Build.0 = Debug|Any CPU
		{BABAF318-7278-4E8E-9D6A-8BA3756C7890}.Release|Any CPU.ActiveCfg = Release|Any CPU
		{BABAF318-7278-4E8E-9D6A-8BA3756C7890}.Release|Any CPU.Build.0 = Release|Any CPU
		{009168F1-C02B-4E31-88A2-56EEB11EFBBC}.Debug|Any CPU.ActiveCfg = Debug|Any CPU
		{009168F1-C02B-4E31-88A2-56EEB11EFBBC}.Debug|Any CPU.Build.0 = Debug|Any CPU
		{009168F1-C02B-4E31-88A2-56EEB11EFBBC}.Release|Any CPU.ActiveCfg = Release|Any CPU
		{009168F1-C02B-4E31-88A2-56EEB11EFBBC}.Release|Any CPU.Build.0 = Release|Any CPU
	EndGlobalSection
	GlobalSection(SolutionProperties) = preSolution
		HideSolutionNode = FALSE
	EndGlobalSection
EndGlobal
